// !$*UTF8*$!
{
	archiveVersion = 1;
	classes = {
	};
	objectVersion = 46;
	objects = {

/* Begin PBXBuildFile section */
		881E6D621AEF741300352906 /* main.m in Sources */ = {isa = PBXBuildFile; fileRef = 881E6D611AEF741300352906 /* main.m */; };
		881E6D651AEF741300352906 /* AppDelegate.m in Sources */ = {isa = PBXBuildFile; fileRef = 881E6D641AEF741300352906 /* AppDelegate.m */; };
		881E6D681AEF741300352906 /* ViewController.m in Sources */ = {isa = PBXBuildFile; fileRef = 881E6D671AEF741300352906 /* ViewController.m */; };
		881E6D6B1AEF741300352906 /* Main.storyboard in Resources */ = {isa = PBXBuildFile; fileRef = 881E6D691AEF741300352906 /* Main.storyboard */; };
		881E6D6D1AEF741300352906 /* Images.xcassets in Resources */ = {isa = PBXBuildFile; fileRef = 881E6D6C1AEF741300352906 /* Images.xcassets */; };
		881E6D701AEF741300352906 /* LaunchScreen.xib in Resources */ = {isa = PBXBuildFile; fileRef = 881E6D6E1AEF741300352906 /* LaunchScreen.xib */; };
		881E6D7C1AEF741400352906 /* LafoscaTests.m in Sources */ = {isa = PBXBuildFile; fileRef = 881E6D7B1AEF741400352906 /* LafoscaTests.m */; };
/* End PBXBuildFile section */

/* Begin PBXContainerItemProxy section */
		881E6D761AEF741400352906 /* PBXContainerItemProxy */ = {
			isa = PBXContainerItemProxy;
			containerPortal = 881E6D541AEF741200352906 /* Project object */;
			proxyType = 1;
			remoteGlobalIDString = 881E6D5B1AEF741200352906;
			remoteInfo = Lafosca;
		};
/* End PBXContainerItemProxy section */

/* Begin PBXFileReference section */
		881E6D5C1AEF741300352906 /* Lafosca.app */ = {isa = PBXFileReference; explicitFileType = wrapper.application; includeInIndex = 0; path = Lafosca.app; sourceTree = BUILT_PRODUCTS_DIR; };
		881E6D601AEF741300352906 /* Info.plist */ = {isa = PBXFileReference; lastKnownFileType = text.plist.xml; path = Info.plist; sourceTree = "<group>"; };
		881E6D611AEF741300352906 /* main.m */ = {isa = PBXFileReference; lastKnownFileType = sourcecode.c.objc; path = main.m; sourceTree = "<group>"; };
		881E6D631AEF741300352906 /* AppDelegate.h */ = {isa = PBXFileReference; lastKnownFileType = sourcecode.c.h; path = AppDelegate.h; sourceTree = "<group>"; };
		881E6D641AEF741300352906 /* AppDelegate.m */ = {isa = PBXFileReference; lastKnownFileType = sourcecode.c.objc; path = AppDelegate.m; sourceTree = "<group>"; };
		881E6D661AEF741300352906 /* ViewController.h */ = {isa = PBXFileReference; lastKnownFileType = sourcecode.c.h; path = ViewController.h; sourceTree = "<group>"; };
		881E6D671AEF741300352906 /* ViewController.m */ = {isa = PBXFileReference; lastKnownFileType = sourcecode.c.objc; path = ViewController.m; sourceTree = "<group>"; };
		881E6D6A1AEF741300352906 /* Base */ = {isa = PBXFileReference; lastKnownFileType = file.storyboard; name = Base; path = Base.lproj/Main.storyboard; sourceTree = "<group>"; };
		881E6D6C1AEF741300352906 /* Images.xcassets */ = {isa = PBXFileReference; lastKnownFileType = folder.assetcatalog; path = Images.xcassets; sourceTree = "<group>"; };
		881E6D6F1AEF741300352906 /* Base */ = {isa = PBXFileReference; lastKnownFileType = file.xib; name = Base; path = Base.lproj/LaunchScreen.xib; sourceTree = "<group>"; };
		881E6D751AEF741400352906 /* LafoscaTests.xctest */ = {isa = PBXFileReference; explicitFileType = wrapper.cfbundle; includeInIndex = 0; path = LafoscaTests.xctest; sourceTree = BUILT_PRODUCTS_DIR; };
		881E6D7A1AEF741400352906 /* Info.plist */ = {isa = PBXFileReference; lastKnownFileType = text.plist.xml; path = Info.plist; sourceTree = "<group>"; };
		881E6D7B1AEF741400352906 /* LafoscaTests.m */ = {isa = PBXFileReference; lastKnownFileType = sourcecode.c.objc; path = LafoscaTests.m; sourceTree = "<group>"; };
		881E6D851AEF77F500352906 /* AVFoundation.framework */ = {isa = PBXFileReference; lastKnownFileType = wrapper.framework; name = AVFoundation.framework; path = System/Library/Frameworks/AVFoundation.framework; sourceTree = SDKROOT; };
/* End PBXFileReference section */

/* Begin PBXFrameworksBuildPhase section */
		881E6D591AEF741200352906 /* Frameworks */ = {
			isa = PBXFrameworksBuildPhase;
			buildActionMask = 2147483647;
			files = (
			);
			runOnlyForDeploymentPostprocessing = 0;
		};
		881E6D721AEF741400352906 /* Frameworks */ = {
			isa = PBXFrameworksBuildPhase;
			buildActionMask = 2147483647;
			files = (
			);
			runOnlyForDeploymentPostprocessing = 0;
		};
/* End PBXFrameworksBuildPhase section */

/* Begin PBXGroup section */
		881E6D531AEF741200352906 = {
			isa = PBXGroup;
			children = (
				881E6D5E1AEF741300352906 /* Lafosca */,
				881E6D781AEF741400352906 /* LafoscaTests */,
				881E6D5D1AEF741300352906 /* Products */,
			);
			sourceTree = "<group>";
		};
		881E6D5D1AEF741300352906 /* Products */ = {
			isa = PBXGroup;
			children = (
				881E6D5C1AEF741300352906 /* Lafosca.app */,
				881E6D751AEF741400352906 /* LafoscaTests.xctest */,
			);
			name = Products;
			sourceTree = "<group>";
		};
		881E6D5E1AEF741300352906 /* Lafosca */ = {
			isa = PBXGroup;
			children = (
				881E6D631AEF741300352906 /* AppDelegate.h */,
				881E6D641AEF741300352906 /* AppDelegate.m */,
				881E6D661AEF741300352906 /* ViewController.h */,
				881E6D671AEF741300352906 /* ViewController.m */,
				881E6D691AEF741300352906 /* Main.storyboard */,
				881E6D6C1AEF741300352906 /* Images.xcassets */,
				881E6D6E1AEF741300352906 /* LaunchScreen.xib */,
				881E6D5F1AEF741300352906 /* Supporting Files */,
			);
			path = Lafosca;
			sourceTree = "<group>";
		};
		881E6D5F1AEF741300352906 /* Supporting Files */ = {
			isa = PBXGroup;
			children = (
				881E6D601AEF741300352906 /* Info.plist */,
				881E6D611AEF741300352906 /* main.m */,
				881E6D851AEF77F500352906 /* AVFoundation.framework */,
			);
			name = "Supporting Files";
			sourceTree = "<group>";
		};
		881E6D781AEF741400352906 /* LafoscaTests */ = {
			isa = PBXGroup;
			children = (
				881E6D7B1AEF741400352906 /* LafoscaTests.m */,
				881E6D791AEF741400352906 /* Supporting Files */,
			);
			path = LafoscaTests;
			sourceTree = "<group>";
		};
		881E6D791AEF741400352906 /* Supporting Files */ = {
			isa = PBXGroup;
			children = (
				881E6D7A1AEF741400352906 /* Info.plist */,
			);
			name = "Supporting Files";
			sourceTree = "<group>";
		};
/* End PBXGroup section */

/* Begin PBXNativeTarget section */
		881E6D5B1AEF741200352906 /* Lafosca */ = {
			isa = PBXNativeTarget;
			buildConfigurationList = 881E6D7F1AEF741400352906 /* Build configuration list for PBXNativeTarget "Lafosca" */;
			buildPhases = (
				881E6D581AEF741200352906 /* Sources */,
				881E6D591AEF741200352906 /* Frameworks */,
				881E6D5A1AEF741200352906 /* Resources */,
			);
			buildRules = (
			);
			dependencies = (
			);
			name = Lafosca;
			productName = Lafosca;
			productReference = 881E6D5C1AEF741300352906 /* Lafosca.app */;
			productType = "com.apple.product-type.application";
		};
		881E6D741AEF741400352906 /* LafoscaTests */ = {
			isa = PBXNativeTarget;
			buildConfigurationList = 881E6D821AEF741400352906 /* Build configuration list for PBXNativeTarget "LafoscaTests" */;
			buildPhases = (
				881E6D711AEF741400352906 /* Sources */,
				881E6D721AEF741400352906 /* Frameworks */,
				881E6D731AEF741400352906 /* Resources */,
			);
			buildRules = (
			);
			dependencies = (
				881E6D771AEF741400352906 /* PBXTargetDependency */,
			);
			name = LafoscaTests;
			productName = LafoscaTests;
			productReference = 881E6D751AEF741400352906 /* LafoscaTests.xctest */;
			productType = "com.apple.product-type.bundle.unit-test";
		};
/* End PBXNativeTarget section */

/* Begin PBXProject section */
		881E6D541AEF741200352906 /* Project object */ = {
			isa = PBXProject;
			attributes = {
				LastUpgradeCheck = 0630;
				ORGANIZATIONNAME = veloapps.com;
				TargetAttributes = {
					881E6D5B1AEF741200352906 = {
						CreatedOnToolsVersion = 6.3;
					};
					881E6D741AEF741400352906 = {
						CreatedOnToolsVersion = 6.3;
						TestTargetID = 881E6D5B1AEF741200352906;
					};
				};
			};
			buildConfigurationList = 881E6D571AEF741200352906 /* Build configuration list for PBXProject "Lafosca" */;
			compatibilityVersion = "Xcode 3.2";
			developmentRegion = English;
			hasScannedForEncodings = 0;
			knownRegions = (
				en,
				Base,
			);
			mainGroup = 881E6D531AEF741200352906;
			productRefGroup = 881E6D5D1AEF741300352906 /* Products */;
			projectDirPath = "";
			projectRoot = "";
			targets = (
				881E6D5B1AEF741200352906 /* Lafosca */,
				881E6D741AEF741400352906 /* LafoscaTests */,
			);
		};
/* End PBXProject section */

/* Begin PBXResourcesBuildPhase section */
		881E6D5A1AEF741200352906 /* Resources */ = {
			isa = PBXResourcesBuildPhase;
			buildActionMask = 2147483647;
			files = (
				881E6D6B1AEF741300352906 /* Main.storyboard in Resources */,
				881E6D701AEF741300352906 /* LaunchScreen.xib in Resources */,
				881E6D6D1AEF741300352906 /* Images.xcassets in Resources */,
			);
			runOnlyForDeploymentPostprocessing = 0;
		};
		881E6D731AEF741400352906 /* Resources */ = {
			isa = PBXResourcesBuildPhase;
			buildActionMask = 2147483647;
			files = (
			);
			runOnlyForDeploymentPostprocessing = 0;
		};
/* End PBXResourcesBuildPhase section */

/* Begin PBXSourcesBuildPhase section */
		881E6D581AEF741200352906 /* Sources */ = {
			isa = PBXSourcesBuildPhase;
			buildActionMask = 2147483647;
			files = (
				881E6D681AEF741300352906 /* ViewController.m in Sources */,
				881E6D651AEF741300352906 /* AppDelegate.m in Sources */,
				881E6D621AEF741300352906 /* main.m in Sources */,
			);
			runOnlyForDeploymentPostprocessing = 0;
		};
		881E6D711AEF741400352906 /* Sources */ = {
			isa = PBXSourcesBuildPhase;
			buildActionMask = 2147483647;
			files = (
				881E6D7C1AEF741400352906 /* LafoscaTests.m in Sources */,
			);
			runOnlyForDeploymentPostprocessing = 0;
		};
/* End PBXSourcesBuildPhase section */

/* Begin PBXTargetDependency section */
		881E6D771AEF741400352906 /* PBXTargetDependency */ = {
			isa = PBXTargetDependency;
			target = 881E6D5B1AEF741200352906 /* Lafosca */;
			targetProxy = 881E6D761AEF741400352906 /* PBXContainerItemProxy */;
		};
/* End PBXTargetDependency section */

/* Begin PBXVariantGroup section */
		881E6D691AEF741300352906 /* Main.storyboard */ = {
			isa = PBXVariantGroup;
			children = (
				881E6D6A1AEF741300352906 /* Base */,
			);
			name = Main.storyboard;
			sourceTree = "<group>";
		};
		881E6D6E1AEF741300352906 /* LaunchScreen.xib */ = {
			isa = PBXVariantGroup;
			children = (
				881E6D6F1AEF741300352906 /* Base */,
			);
			name = LaunchScreen.xib;
			sourceTree = "<group>";
		};
/* End PBXVariantGroup section */

/* Begin XCBuildConfiguration section */
		881E6D7D1AEF741400352906 /* Debug */ = {
			isa = XCBuildConfiguration;
			buildSettings = {
				ALWAYS_SEARCH_USER_PATHS = NO;
				CLANG_CXX_LANGUAGE_STANDARD = "gnu++0x";
				CLANG_CXX_LIBRARY = "libc++";
				CLANG_ENABLE_MODULES = YES;
				CLANG_ENABLE_OBJC_ARC = YES;
				CLANG_WARN_BOOL_CONVERSION = YES;
				CLANG_WARN_CONSTANT_CONVERSION = YES;
				CLANG_WARN_DIRECT_OBJC_ISA_USAGE = YES_ERROR;
				CLANG_WARN_EMPTY_BODY = YES;
				CLANG_WARN_ENUM_CONVERSION = YES;
				CLANG_WARN_INT_CONVERSION = YES;
				CLANG_WARN_OBJC_ROOT_CLASS = YES_ERROR;
				CLANG_WARN_UNREACHABLE_CODE = YES;
				CLANG_WARN__DUPLICATE_METHOD_MATCH = YES;
				"CODE_SIGN_IDENTITY[sdk=iphoneos*]" = "iPhone Developer";
				COPY_PHASE_STRIP = NO;
				DEBUG_INFORMATION_FORMAT = "dwarf-with-dsym";
				ENABLE_STRICT_OBJC_MSGSEND = YES;
				GCC_C_LANGUAGE_STANDARD = gnu99;
				GCC_DYNAMIC_NO_PIC = NO;
				GCC_NO_COMMON_BLOCKS = YES;
				GCC_OPTIMIZATION_LEVEL = 0;
				GCC_PREPROCESSOR_DEFINITIONS = (
					"DEBUG=1",
					"$(inherited)",
				);
				GCC_SYMBOLS_PRIVATE_EXTERN = NO;
				GCC_WARN_64_TO_32_BIT_CONVERSION = YES;
				GCC_WARN_ABOUT_RETURN_TYPE = YES_ERROR;
				GCC_WARN_UNDECLARED_SELECTOR = YES;
				GCC_WARN_UNINITIALIZED_AUTOS = YES_AGGRESSIVE;
				GCC_WARN_UNUSED_FUNCTION = YES;
				GCC_WARN_UNUSED_VARIABLE = YES;
				IPHONEOS_DEPLOYMENT_TARGET = 8.0;
				MTL_ENABLE_DEBUG_INFO = YES;
				ONLY_ACTIVE_ARCH = YES;
				SDKROOT = iphoneos;
			};
			name = Debug;
		};
		881E6D7E1AEF741400352906 /* Release */ = {
			isa = XCBuildConfiguration;
			buildSettings = {
				ALWAYS_SEARCH_USER_PATHS = NO;
				CLANG_CXX_LANGUAGE_STANDARD = "gnu++0x";
				CLANG_CXX_LIBRARY = "libc++";
				CLANG_ENABLE_MODULES = YES;
				CLANG_ENABLE_OBJC_ARC = YES;
				CLANG_WARN_BOOL_CONVERSION = YES;
				CLANG_WARN_CONSTANT_CONVERSION = YES;
				CLANG_WARN_DIRECT_OBJC_ISA_USAGE = YES_ERROR;
				CLANG_WARN_EMPTY_BODY = YES;
				CLANG_WARN_ENUM_CONVERSION = YES;
				CLANG_WARN_INT_CONVERSION = YES;
				CLANG_WARN_OBJC_ROOT_CLASS = YES_ERROR;
				CLANG_WARN_UNREACHABLE_CODE = YES;
				CLANG_WARN__DUPLICATE_METHOD_MATCH = YES;
				"CODE_SIGN_IDENTITY[sdk=iphoneos*]" = "iPhone Developer";
				COPY_PHASE_STRIP = NO;
				DEBUG_INFORMATION_FORMAT = "dwarf-with-dsym";
				ENABLE_NS_ASSERTIONS = NO;
				ENABLE_STRICT_OBJC_MSGSEND = YES;
				GCC_C_LANGUAGE_STANDARD = gnu99;
				GCC_NO_COMMON_BLOCKS = YES;
				GCC_WARN_64_TO_32_BIT_CONVERSION = YES;
				GCC_WARN_ABOUT_RETURN_TYPE = YES_ERROR;
				GCC_WARN_UNDECLARED_SELECTOR = YES;
				GCC_WARN_UNINITIALIZED_AUTOS = YES_AGGRESSIVE;
				GCC_WARN_UNUSED_FUNCTION = YES;
				GCC_WARN_UNUSED_VARIABLE = YES;
				IPHONEOS_DEPLOYMENT_TARGET = 8.0;
				MTL_ENABLE_DEBUG_INFO = NO;
				SDKROOT = iphoneos;
				VALIDATE_PRODUCT = YES;
			};
			name = Release;
		};
		881E6D801AEF741400352906 /* Debug */ = {
			isa = XCBuildConfiguration;
			buildSettings = {
				ASSETCATALOG_COMPILER_APPICON_NAME = AppIcon;
				INFOPLIST_FILE = Lafosca/Info.plist;
				LD_RUNPATH_SEARCH_PATHS = "$(inherited) @executable_path/Frameworks";
				PRODUCT_NAME = "$(TARGET_NAME)";
			};
			name = Debug;
		};
		881E6D811AEF741400352906 /* Release */ = {
			isa = XCBuildConfiguration;
			buildSettings = {
				ASSETCATALOG_COMPILER_APPICON_NAME = AppIcon;
				INFOPLIST_FILE = Lafosca/Info.plist;
				LD_RUNPATH_SEARCH_PATHS = "$(inherited) @executable_path/Frameworks";
				PRODUCT_NAME = "$(TARGET_NAME)";
			};
			name = Release;
		};
		881E6D831AEF741400352906 /* Debug */ = {
			isa = XCBuildConfiguration;
			buildSettings = {
				BUNDLE_LOADER = "$(TEST_HOST)";
				FRAMEWORK_SEARCH_PATHS = (
					"$(SDKROOT)/Developer/Library/Frameworks",
					"$(inherited)",
				);
				GCC_PREPROCESSOR_DEFINITIONS = (
					"DEBUG=1",
					"$(inherited)",
				);
				INFOPLIST_FILE = LafoscaTests/Info.plist;
				LD_RUNPATH_SEARCH_PATHS = "$(inherited) @executable_path/Frameworks @loader_path/Frameworks";
				PRODUCT_NAME = "$(TARGET_NAME)";
				TEST_HOST = "$(BUILT_PRODUCTS_DIR)/Lafosca.app/Lafosca";
			};
			name = Debug;
		};
		881E6D841AEF741400352906 /* Release */ = {
			isa = XCBuildConfiguration;
			buildSettings = {
				BUNDLE_LOADER = "$(TEST_HOST)";
				FRAMEWORK_SEARCH_PATHS = (
					"$(SDKROOT)/Developer/Library/Frameworks",
					"$(inherited)",
				);
				INFOPLIST_FILE = LafoscaTests/Info.plist;
				LD_RUNPATH_SEARCH_PATHS = "$(inherited) @executable_path/Frameworks @loader_path/Frameworks";
				PRODUCT_NAME = "$(TARGET_NAME)";
				TEST_HOST = "$(BUILT_PRODUCTS_DIR)/Lafosca.app/Lafosca";
			};
			name = Release;
		};
/* End XCBuildConfiguration section */

/* Begin XCConfigurationList section */
		881E6D571AEF741200352906 /* Build configuration list for PBXProject "Lafosca" */ = {
			isa = XCConfigurationList;
			buildConfigurations = (
				881E6D7D1AEF741400352906 /* Debug */,
				881E6D7E1AEF741400352906 /* Release */,
			);
			defaultConfigurationIsVisible = 0;
			defaultConfigurationName = Release;
		};
		881E6D7F1AEF741400352906 /* Build configuration list for PBXNativeTarget "Lafosca" */ = {
			isa = XCConfigurationList;
			buildConfigurations = (
				881E6D801AEF741400352906 /* Debug */,
				881E6D811AEF741400352906 /* Release */,
			);
			defaultConfigurationIsVisible = 0;
			defaultConfigurationName = Release;
		};
		881E6D821AEF741400352906 /* Build configuration list for PBXNativeTarget "LafoscaTests" */ = {
			isa = XCConfigurationList;
			buildConfigurations = (
				881E6D831AEF741400352906 /* Debug */,
				881E6D841AEF741400352906 /* Release */,
			);
			defaultConfigurationIsVisible = 0;
			defaultConfigurationName = Release;
		};
/* End XCConfigurationList section */
	};
	rootObject = 881E6D541AEF741200352906 /* Project object */;
}
